
Microsoft Visual Studio Solution File, Format Version 12.00
# Visual Studio 15
VisualStudioVersion = 15.0.28307.902
MinimumVisualStudioVersion = 10.0.40219.1
Project("{FAE04EC0-301F-11D3-BF4B-00C04F79EFBC}") = "LabSheet1", "LabSheet1\LabSheet1.csproj", "{3949D368-ADB9-42B0-AFBA-9207EEE7E0CF}"
EndProject
Project("{FAE04EC0-301F-11D3-BF4B-00C04F79EFBC}") = "LabSheet4", "LabSheet4\LabSheet4.csproj", "{FA46FAFE-0259-45B6-83F1-792535BF32B0}"
EndProject
Project("{FAE04EC0-301F-11D3-BF4B-00C04F79EFBC}") = "LabSheet4Part2", "LabSheet4Part2\LabSheet4Part2.csproj", "{1AEA324D-C8DF-46B6-8047-8B3591F2186E}"
EndProject
Project("{FAE04EC0-301F-11D3-BF4B-00C04F79EFBC}") = "LabSheet5", "LabSheet5\LabSheet5.csproj", "{AF7720BD-24CC-4C37-9981-7C560F0998B4}"
EndProject
Project("{FAE04EC0-301F-11D3-BF4B-00C04F79EFBC}") = "LabSheet5CreateDb", "LabSheet5CreateDb\LabSheet5CreateDb.csproj", "{B0070F14-B083-4DDF-856E-A4DF7F78A528}"
EndProject
Project("{FAE04EC0-301F-11D3-BF4B-00C04F79EFBC}") = "LabSheet7", "LabSheet7\LabSheet7.csproj", "{5490EAF8-3201-4C4C-B147-39D106983A13}"
EndProject
Project("{FAE04EC0-301F-11D3-BF4B-00C04F79EFBC}") = "LabSheet8", "LabSheet8\LabSheet8.csproj", "{77551C9D-12F0-4B75-A422-3537FEFB325C}"
EndProject
Project("{FAE04EC0-301F-11D3-BF4B-00C04F79EFBC}") = "DataManagement", "DataManagement\DataManagement.csproj", "{3A3FB59B-2BA6-4A0F-BC5F-7A7256719B1E}"
EndProject
Global
	GlobalSection(SolutionConfigurationPlatforms) = preSolution
		Debug|Any CPU = Debug|Any CPU
		Release|Any CPU = Release|Any CPU
	EndGlobalSection
	GlobalSection(ProjectConfigurationPlatforms) = postSolution
		{3949D368-ADB9-42B0-AFBA-9207EEE7E0CF}.Debug|Any CPU.ActiveCfg = Debug|Any CPU
		{3949D368-ADB9-42B0-AFBA-9207EEE7E0CF}.Debug|Any CPU.Build.0 = Debug|Any CPU
		{3949D368-ADB9-42B0-AFBA-9207EEE7E0CF}.Release|Any CPU.ActiveCfg = Release|Any CPU
		{3949D368-ADB9-42B0-AFBA-9207EEE7E0CF}.Release|Any CPU.Build.0 = Release|Any CPU
		{FA46FAFE-0259-45B6-83F1-792535BF32B0}.Debug|Any CPU.ActiveCfg = Debug|Any CPU
		{FA46FAFE-0259-45B6-83F1-792535BF32B0}.Debug|Any CPU.Build.0 = Debug|Any CPU
		{FA46FAFE-0259-45B6-83F1-792535BF32B0}.Release|Any CPU.ActiveCfg = Release|Any CPU
		{FA46FAFE-0259-45B6-83F1-792535BF32B0}.Release|Any CPU.Build.0 = Release|Any CPU
		{1AEA324D-C8DF-46B6-8047-8B3591F2186E}.Debug|Any CPU.ActiveCfg = Debug|Any CPU
		{1AEA324D-C8DF-46B6-8047-8B3591F2186E}.Debug|Any CPU.Build.0 = Debug|Any CPU
		{1AEA324D-C8DF-46B6-8047-8B3591F2186E}.Release|Any CPU.ActiveCfg = Release|Any CPU
		{1AEA324D-C8DF-46B6-8047-8B3591F2186E}.Release|Any CPU.Build.0 = Release|Any CPU
		{AF7720BD-24CC-4C37-9981-7C560F0998B4}.Debug|Any CPU.ActiveCfg = Debug|Any CPU
		{AF7720BD-24CC-4C37-9981-7C560F0998B4}.Debug|Any CPU.Build.0 = Debug|Any CPU
		{AF7720BD-24CC-4C37-9981-7C560F0998B4}.Release|Any CPU.ActiveCfg = Release|Any CPU
		{AF7720BD-24CC-4C37-9981-7C560F0998B4}.Release|Any CPU.Build.0 = Release|Any CPU
		{B0070F14-B083-4DDF-856E-A4DF7F78A528}.Debug|Any CPU.ActiveCfg = Debug|Any CPU
		{B0070F14-B083-4DDF-856E-A4DF7F78A528}.Debug|Any CPU.Build.0 = Debug|Any CPU
		{B0070F14-B083-4DDF-856E-A4DF7F78A528}.Release|Any CPU.ActiveCfg = Release|Any CPU
		{B0070F14-B083-4DDF-856E-A4DF7F78A528}.Release|Any CPU.Build.0 = Release|Any CPU
		{5490EAF8-3201-4C4C-B147-39D106983A13}.Debug|Any CPU.ActiveCfg = Debug|Any CPU
		{5490EAF8-3201-4C4C-B147-39D106983A13}.Debug|Any CPU.Build.0 = Debug|Any CPU
		{5490EAF8-3201-4C4C-B147-39D106983A13}.Release|Any CPU.ActiveCfg = Release|Any CPU
		{5490EAF8-3201-4C4C-B147-39D106983A13}.Release|Any CPU.Build.0 = Release|Any CPU
		{77551C9D-12F0-4B75-A422-3537FEFB325C}.Debug|Any CPU.ActiveCfg = Debug|Any CPU
		{77551C9D-12F0-4B75-A422-3537FEFB325C}.Debug|Any CPU.Build.0 = Debug|Any CPU
		{77551C9D-12F0-4B75-A422-3537FEFB325C}.Release|Any CPU.ActiveCfg = Release|Any CPU
		{77551C9D-12F0-4B75-A422-3537FEFB325C}.Release|Any CPU.Build.0 = Release|Any CPU
		{3A3FB59B-2BA6-4A0F-BC5F-7A7256719B1E}.Debug|Any CPU.ActiveCfg = Debug|Any CPU
		{3A3FB59B-2BA6-4A0F-BC5F-7A7256719B1E}.Debug|Any CPU.Build.0 = Debug|Any CPU
		{3A3FB59B-2BA6-4A0F-BC5F-7A7256719B1E}.Release|Any CPU.ActiveCfg = Release|Any CPU
		{3A3FB59B-2BA6-4A0F-BC5F-7A7256719B1E}.Release|Any CPU.Build.0 = Release|Any CPU
	EndGlobalSection
	GlobalSection(SolutionProperties) = preSolution
		HideSolutionNode = FALSE
	EndGlobalSection
	GlobalSection(ExtensibilityGlobals) = postSolution
		SolutionGuid = {1432F76F-E08F-4DAB-B783-514EB312C53E}
	EndGlobalSection
EndGlobal
